
Microsoft Visual Studio Solution File, Format Version 12.00
# Visual Studio Version 17
VisualStudioVersion = 17.13.35931.197 d17.13
MinimumVisualStudioVersion = 10.0.40219.1
Project("{FAE04EC0-301F-11D3-BF4B-00C04F79EFBC}") = "BaiTapBackEnd", "BaiTapBackEnd.csproj", "{79DA0CF2-29DD-412E-8A13-EB8EC5CCC41C}"
EndProject
Global
	GlobalSection(SolutionConfigurationPlatforms) = preSolution
		Debug|Any CPU = Debug|Any CPU
		Release|Any CPU = Release|Any CPU
	EndGlobalSection
	GlobalSection(ProjectConfigurationPlatforms) = postSolution
		{79DA0CF2-29DD-412E-8A13-EB8EC5CCC41C}.Debug|Any CPU.ActiveCfg = Debug|Any CPU
		{79DA0CF2-29DD-412E-8A13-EB8EC5CCC41C}.Debug|Any CPU.Build.0 = Debug|Any CPU
		{79DA0CF2-29DD-412E-8A13-EB8EC5CCC41C}.Release|Any CPU.ActiveCfg = Release|Any CPU
		{79DA0CF2-29DD-412E-8A13-EB8EC5CCC41C}.Release|Any CPU.Build.0 = Release|Any CPU
	EndGlobalSection
	GlobalSection(SolutionProperties) = preSolution
		HideSolutionNode = FALSE
	EndGlobalSection
	GlobalSection(ExtensibilityGlobals) = postSolution
		SolutionGuid = {C7FE098F-A7FB-4147-BFA1-5AC8622557E4}
	EndGlobalSection
EndGlobal
